
Microsoft Visual Studio Solution File, Format Version 12.00
# Visual Studio Version 16
VisualStudioVersion = 16.0.29326.143
MinimumVisualStudioVersion = 10.0.40219.1
Project("{FAE04EC0-301F-11D3-BF4B-00C04F79EFBC}") = "POwyswietlanieASP.NET", "WebApplication5\POwyswietlanieASP.NET.csproj", "{315D6855-6D4F-4DA4-81EF-28A4D4C35F1B}"
EndProject
Global
	GlobalSection(SolutionConfigurationPlatforms) = preSolution
		Debug|Any CPU = Debug|Any CPU
		Release|Any CPU = Release|Any CPU
	EndGlobalSection
	GlobalSection(ProjectConfigurationPlatforms) = postSolution
		{315D6855-6D4F-4DA4-81EF-28A4D4C35F1B}.Debug|Any CPU.ActiveCfg = Debug|Any CPU
		{315D6855-6D4F-4DA4-81EF-28A4D4C35F1B}.Debug|Any CPU.Build.0 = Debug|Any CPU
		{315D6855-6D4F-4DA4-81EF-28A4D4C35F1B}.Release|Any CPU.ActiveCfg = Release|Any CPU
		{315D6855-6D4F-4DA4-81EF-28A4D4C35F1B}.Release|Any CPU.Build.0 = Release|Any CPU
	EndGlobalSection
	GlobalSection(SolutionProperties) = preSolution
		HideSolutionNode = FALSE
	EndGlobalSection
	GlobalSection(ExtensibilityGlobals) = postSolution
		SolutionGuid = {2E542583-261B-4CA6-BFF1-4C90C1644D1E}
	EndGlobalSection
EndGlobal
